
Microsoft Visual Studio Solution File, Format Version 12.00
# Visual Studio Version 17
VisualStudioVersion = 17.4.33403.182
MinimumVisualStudioVersion = 10.0.40219.1
Project("{FAE04EC0-301F-11D3-BF4B-00C04F79EFBC}") = "Homework_2.1", "Homework_2\Homework_2.1.csproj", "{8246016D-C169-48C7-A440-5431CB85D229}"
EndProject
Global
	GlobalSection(SolutionConfigurationPlatforms) = preSolution
		Debug|Any CPU = Debug|Any CPU
		Release|Any CPU = Release|Any CPU
	EndGlobalSection
	GlobalSection(ProjectConfigurationPlatforms) = postSolution
		{8246016D-C169-48C7-A440-5431CB85D229}.Debug|Any CPU.ActiveCfg = Debug|Any CPU
		{8246016D-C169-48C7-A440-5431CB85D229}.Debug|Any CPU.Build.0 = Debug|Any CPU
		{8246016D-C169-48C7-A440-5431CB85D229}.Release|Any CPU.ActiveCfg = Release|Any CPU
		{8246016D-C169-48C7-A440-5431CB85D229}.Release|Any CPU.Build.0 = Release|Any CPU
	EndGlobalSection
	GlobalSection(SolutionProperties) = preSolution
		HideSolutionNode = FALSE
	EndGlobalSection
	GlobalSection(ExtensibilityGlobals) = postSolution
		SolutionGuid = {191F1DDF-A054-4F95-A054-1BCA7F521DB9}
	EndGlobalSection
EndGlobal
